
Microsoft Visual Studio Solution File, Format Version 12.00
# Visual Studio Version 17
VisualStudioVersion = 17.9.34622.214
MinimumVisualStudioVersion = 10.0.40219.1
Project("{9A19103F-16F7-4668-BE54-9A1E7A4F7556}") = "ZaposliMe.Frontend", "ZaposliMeFrontend\ZaposliMe.Frontend.csproj", "{4A9B4DE7-59E1-4B9F-91BA-F2449B65EB17}"
EndProject
Project("{9A19103F-16F7-4668-BE54-9A1E7A4F7556}") = "ZaposliMe.WebAPI", "ZaposliMeWebAPI\ZaposliMe.WebAPI.csproj", "{28DDFC8E-20BA-4A14-8269-5D5F11C6BFAB}"
EndProject
Project("{9A19103F-16F7-4668-BE54-9A1E7A4F7556}") = "ZaposliMe.Domain", "ZaposliMe.Domain\ZaposliMe.Domain.csproj", "{851E2C61-C080-41EB-9660-60B14747B6FE}"
EndProject
Project("{9A19103F-16F7-4668-BE54-9A1E7A4F7556}") = "ZaposliMe.Service", "ZaposliMe.Service\ZaposliMe.Service.csproj", "{4AEA3F13-F224-4496-B6DD-8E4EFA17A71C}"
EndProject
Project("{00D1A9C2-B5F0-4AF3-8072-F6C62B433612}") = "ZaposliMe.Database", "ZaposliMe.Database\ZaposliMe.Database.sqlproj", "{107A14A3-634D-4A5F-838B-6309D2CA5177}"
EndProject
Project("{2150E333-8FDC-42A3-9474-1A3956D46DE8}") = "Core", "Core", "{02EA681E-C7D8-13C7-8484-4AC65E1B71E8}"
EndProject
Project("{2150E333-8FDC-42A3-9474-1A3956D46DE8}") = "Presentation", "Presentation", "{A0F3A6FB-01AA-4294-A6DC-AB24D9187E38}"
EndProject
Project("{2150E333-8FDC-42A3-9474-1A3956D46DE8}") = "Infrastructure", "Infrastructure", "{5D76ACA0-105C-45AC-B9C0-C9F5D0BDC148}"
EndProject
Project("{9A19103F-16F7-4668-BE54-9A1E7A4F7556}") = "ZaposliMe.Application", "Application\ZaposliMe.Application.csproj", "{ED7FA0A7-FB45-443B-9B23-8392C9FB8B15}"
EndProject
Project("{2150E333-8FDC-42A3-9474-1A3956D46DE8}") = "Solution Items", "Solution Items", "{8EC462FD-D22E-90A8-E5CE-7E832BA40C5D}"
	ProjectSection(SolutionItems) = preProject
		global.json = global.json
	EndProjectSection
EndProject
Global
	GlobalSection(SolutionConfigurationPlatforms) = preSolution
		Debug|Any CPU = Debug|Any CPU
		Release|Any CPU = Release|Any CPU
	EndGlobalSection
	GlobalSection(ProjectConfigurationPlatforms) = postSolution
		{4A9B4DE7-59E1-4B9F-91BA-F2449B65EB17}.Debug|Any CPU.ActiveCfg = Debug|Any CPU
		{4A9B4DE7-59E1-4B9F-91BA-F2449B65EB17}.Debug|Any CPU.Build.0 = Debug|Any CPU
		{4A9B4DE7-59E1-4B9F-91BA-F2449B65EB17}.Release|Any CPU.ActiveCfg = Release|Any CPU
		{4A9B4DE7-59E1-4B9F-91BA-F2449B65EB17}.Release|Any CPU.Build.0 = Release|Any CPU
		{28DDFC8E-20BA-4A14-8269-5D5F11C6BFAB}.Debug|Any CPU.ActiveCfg = Debug|Any CPU
		{28DDFC8E-20BA-4A14-8269-5D5F11C6BFAB}.Debug|Any CPU.Build.0 = Debug|Any CPU
		{28DDFC8E-20BA-4A14-8269-5D5F11C6BFAB}.Release|Any CPU.ActiveCfg = Release|Any CPU
		{28DDFC8E-20BA-4A14-8269-5D5F11C6BFAB}.Release|Any CPU.Build.0 = Release|Any CPU
		{851E2C61-C080-41EB-9660-60B14747B6FE}.Debug|Any CPU.ActiveCfg = Debug|Any CPU
		{851E2C61-C080-41EB-9660-60B14747B6FE}.Debug|Any CPU.Build.0 = Debug|Any CPU
		{851E2C61-C080-41EB-9660-60B14747B6FE}.Release|Any CPU.ActiveCfg = Release|Any CPU
		{851E2C61-C080-41EB-9660-60B14747B6FE}.Release|Any CPU.Build.0 = Release|Any CPU
		{4AEA3F13-F224-4496-B6DD-8E4EFA17A71C}.Debug|Any CPU.ActiveCfg = Debug|Any CPU
		{4AEA3F13-F224-4496-B6DD-8E4EFA17A71C}.Debug|Any CPU.Build.0 = Debug|Any CPU
		{4AEA3F13-F224-4496-B6DD-8E4EFA17A71C}.Release|Any CPU.ActiveCfg = Release|Any CPU
		{4AEA3F13-F224-4496-B6DD-8E4EFA17A71C}.Release|Any CPU.Build.0 = Release|Any CPU
		{107A14A3-634D-4A5F-838B-6309D2CA5177}.Debug|Any CPU.ActiveCfg = Debug|Any CPU
		{107A14A3-634D-4A5F-838B-6309D2CA5177}.Debug|Any CPU.Build.0 = Debug|Any CPU
		{107A14A3-634D-4A5F-838B-6309D2CA5177}.Debug|Any CPU.Deploy.0 = Debug|Any CPU
		{107A14A3-634D-4A5F-838B-6309D2CA5177}.Release|Any CPU.ActiveCfg = Release|Any CPU
		{107A14A3-634D-4A5F-838B-6309D2CA5177}.Release|Any CPU.Build.0 = Release|Any CPU
		{107A14A3-634D-4A5F-838B-6309D2CA5177}.Release|Any CPU.Deploy.0 = Release|Any CPU
		{ED7FA0A7-FB45-443B-9B23-8392C9FB8B15}.Debug|Any CPU.ActiveCfg = Debug|Any CPU
		{ED7FA0A7-FB45-443B-9B23-8392C9FB8B15}.Debug|Any CPU.Build.0 = Debug|Any CPU
		{ED7FA0A7-FB45-443B-9B23-8392C9FB8B15}.Release|Any CPU.ActiveCfg = Release|Any CPU
		{ED7FA0A7-FB45-443B-9B23-8392C9FB8B15}.Release|Any CPU.Build.0 = Release|Any CPU
	EndGlobalSection
	GlobalSection(SolutionProperties) = preSolution
		HideSolutionNode = FALSE
	EndGlobalSection
	GlobalSection(NestedProjects) = preSolution
		{4A9B4DE7-59E1-4B9F-91BA-F2449B65EB17} = {A0F3A6FB-01AA-4294-A6DC-AB24D9187E38}
		{28DDFC8E-20BA-4A14-8269-5D5F11C6BFAB} = {A0F3A6FB-01AA-4294-A6DC-AB24D9187E38}
		{851E2C61-C080-41EB-9660-60B14747B6FE} = {02EA681E-C7D8-13C7-8484-4AC65E1B71E8}
		{4AEA3F13-F224-4496-B6DD-8E4EFA17A71C} = {5D76ACA0-105C-45AC-B9C0-C9F5D0BDC148}
		{107A14A3-634D-4A5F-838B-6309D2CA5177} = {5D76ACA0-105C-45AC-B9C0-C9F5D0BDC148}
		{ED7FA0A7-FB45-443B-9B23-8392C9FB8B15} = {02EA681E-C7D8-13C7-8484-4AC65E1B71E8}
	EndGlobalSection
	GlobalSection(ExtensibilityGlobals) = postSolution
		SolutionGuid = {31454549-C29D-4D2D-860A-CD483BD90826}
	EndGlobalSection
EndGlobal
